
Microsoft Visual Studio Solution File, Format Version 12.00
# Visual Studio Version 17
VisualStudioVersion = 17.10.35013.160
MinimumVisualStudioVersion = 10.0.40219.1
Project("{2150E333-8FDC-42A3-9474-1A3956D46DE8}") = "Services", "Services", "{852C070D-1378-42EF-AB3F-93E06238161D}"
EndProject
Project("{2150E333-8FDC-42A3-9474-1A3956D46DE8}") = "Catalog", "Catalog", "{22A3E0AD-9069-4854-AB31-4E864303463D}"
EndProject
Project("{9A19103F-16F7-4668-BE54-9A1E7A4F7556}") = "CatalogAPI", "Services\Catalog\CatalogAPI\CatalogAPI.csproj", "{0BD57A1F-FDCD-4134-A3AA-D95434690166}"
EndProject
Project("{2150E333-8FDC-42A3-9474-1A3956D46DE8}") = "BuildingBlocks", "BuildingBlocks", "{56B9881D-96A1-4AAD-B6CF-D50F132E6F64}"
EndProject
Project("{9A19103F-16F7-4668-BE54-9A1E7A4F7556}") = "BuildingBlocks", "BuildingBlocks\BuildingBlocks\BuildingBlocks.csproj", "{039D7C33-962F-4351-8121-76B3E30518D8}"
EndProject
Project("{E53339B2-1760-4266-BCC7-CA923CBCF16C}") = "docker-compose", "docker-compose.dcproj", "{462B8C22-9227-43AD-ACED-45D6D9EA370C}"
EndProject
Project("{2150E333-8FDC-42A3-9474-1A3956D46DE8}") = "Basket", "Basket", "{5A095546-6EA5-4FC0-833E-9F504F10603D}"
EndProject
Project("{FAE04EC0-301F-11D3-BF4B-00C04F79EFBC}") = "BasketAPI", "Services\Basket\BasketAPI\BasketAPI.csproj", "{926BD6A1-715C-4AA7-A6A5-578DE2F6ED48}"
EndProject
Project("{2150E333-8FDC-42A3-9474-1A3956D46DE8}") = "Discount", "Discount", "{39381C4C-1825-4785-AF27-D22F8149AB7C}"
EndProject
Project("{FAE04EC0-301F-11D3-BF4B-00C04F79EFBC}") = "Discount.Grpc", "Services\Discount\Discount.Grpc\Discount.Grpc.csproj", "{3ADD8383-FD0F-4EA7-BE29-F8DCB8C9520F}"
EndProject
Global
	GlobalSection(SolutionConfigurationPlatforms) = preSolution
		Debug|Any CPU = Debug|Any CPU
		Release|Any CPU = Release|Any CPU
	EndGlobalSection
	GlobalSection(ProjectConfigurationPlatforms) = postSolution
		{0BD57A1F-FDCD-4134-A3AA-D95434690166}.Debug|Any CPU.ActiveCfg = Debug|Any CPU
		{0BD57A1F-FDCD-4134-A3AA-D95434690166}.Debug|Any CPU.Build.0 = Debug|Any CPU
		{0BD57A1F-FDCD-4134-A3AA-D95434690166}.Release|Any CPU.ActiveCfg = Release|Any CPU
		{0BD57A1F-FDCD-4134-A3AA-D95434690166}.Release|Any CPU.Build.0 = Release|Any CPU
		{039D7C33-962F-4351-8121-76B3E30518D8}.Debug|Any CPU.ActiveCfg = Debug|Any CPU
		{039D7C33-962F-4351-8121-76B3E30518D8}.Debug|Any CPU.Build.0 = Debug|Any CPU
		{039D7C33-962F-4351-8121-76B3E30518D8}.Release|Any CPU.ActiveCfg = Release|Any CPU
		{039D7C33-962F-4351-8121-76B3E30518D8}.Release|Any CPU.Build.0 = Release|Any CPU
		{462B8C22-9227-43AD-ACED-45D6D9EA370C}.Debug|Any CPU.ActiveCfg = Debug|Any CPU
		{462B8C22-9227-43AD-ACED-45D6D9EA370C}.Debug|Any CPU.Build.0 = Debug|Any CPU
		{462B8C22-9227-43AD-ACED-45D6D9EA370C}.Release|Any CPU.ActiveCfg = Release|Any CPU
		{462B8C22-9227-43AD-ACED-45D6D9EA370C}.Release|Any CPU.Build.0 = Release|Any CPU
		{926BD6A1-715C-4AA7-A6A5-578DE2F6ED48}.Debug|Any CPU.ActiveCfg = Debug|Any CPU
		{926BD6A1-715C-4AA7-A6A5-578DE2F6ED48}.Debug|Any CPU.Build.0 = Debug|Any CPU
		{926BD6A1-715C-4AA7-A6A5-578DE2F6ED48}.Release|Any CPU.ActiveCfg = Release|Any CPU
		{926BD6A1-715C-4AA7-A6A5-578DE2F6ED48}.Release|Any CPU.Build.0 = Release|Any CPU
		{3ADD8383-FD0F-4EA7-BE29-F8DCB8C9520F}.Debug|Any CPU.ActiveCfg = Debug|Any CPU
		{3ADD8383-FD0F-4EA7-BE29-F8DCB8C9520F}.Debug|Any CPU.Build.0 = Debug|Any CPU
		{3ADD8383-FD0F-4EA7-BE29-F8DCB8C9520F}.Release|Any CPU.ActiveCfg = Release|Any CPU
		{3ADD8383-FD0F-4EA7-BE29-F8DCB8C9520F}.Release|Any CPU.Build.0 = Release|Any CPU
	EndGlobalSection
	GlobalSection(SolutionProperties) = preSolution
		HideSolutionNode = FALSE
	EndGlobalSection
	GlobalSection(NestedProjects) = preSolution
		{22A3E0AD-9069-4854-AB31-4E864303463D} = {852C070D-1378-42EF-AB3F-93E06238161D}
		{0BD57A1F-FDCD-4134-A3AA-D95434690166} = {22A3E0AD-9069-4854-AB31-4E864303463D}
		{039D7C33-962F-4351-8121-76B3E30518D8} = {56B9881D-96A1-4AAD-B6CF-D50F132E6F64}
		{5A095546-6EA5-4FC0-833E-9F504F10603D} = {852C070D-1378-42EF-AB3F-93E06238161D}
		{926BD6A1-715C-4AA7-A6A5-578DE2F6ED48} = {5A095546-6EA5-4FC0-833E-9F504F10603D}
		{39381C4C-1825-4785-AF27-D22F8149AB7C} = {852C070D-1378-42EF-AB3F-93E06238161D}
		{3ADD8383-FD0F-4EA7-BE29-F8DCB8C9520F} = {39381C4C-1825-4785-AF27-D22F8149AB7C}
	EndGlobalSection
	GlobalSection(ExtensibilityGlobals) = postSolution
		SolutionGuid = {82411422-4B84-4A85-89F2-584BC175F440}
	EndGlobalSection
EndGlobal
